// !$*UTF8*$!
{
	archiveVersion = 1;
	classes = {
	};
	objectVersion = 51;
	objects = {

/* Begin PBXBuildFile section */
		03683D8726F183420042F55E /* AppDelegate.swift in Sources */ = {isa = PBXBuildFile; fileRef = 03683D8626F183420042F55E /* AppDelegate.swift */; };
		03683D8926F183420042F55E /* SceneDelegate.swift in Sources */ = {isa = PBXBuildFile; fileRef = 03683D8826F183420042F55E /* SceneDelegate.swift */; };
		03683D8B26F183420042F55E /* ViewController.swift in Sources */ = {isa = PBXBuildFile; fileRef = 03683D8A26F183420042F55E /* ViewController.swift */; };
		03683D8E26F183420042F55E /* Main.storyboard in Resources */ = {isa = PBXBuildFile; fileRef = 03683D8C26F183420042F55E /* Main.storyboard */; };
		03683D9026F183430042F55E /* Assets.xcassets in Resources */ = {isa = PBXBuildFile; fileRef = 03683D8F26F183430042F55E /* Assets.xcassets */; };
		03683D9326F183430042F55E /* LaunchScreen.storyboard in Resources */ = {isa = PBXBuildFile; fileRef = 03683D9126F183430042F55E /* LaunchScreen.storyboard */; };
		03683D9F26F2EFA50042F55E /* StretchyHeaderController.swift in Sources */ = {isa = PBXBuildFile; fileRef = 03683D9E26F2EFA50042F55E /* StretchyHeaderController.swift */; };
		03683DA626F389C30042F55E /* HeaderView.swift in Sources */ = {isa = PBXBuildFile; fileRef = 03683DA526F389C30042F55E /* HeaderView.swift */; };
		03683DA926F3B3900042F55E /* Extensions+UIView.swift in Sources */ = {isa = PBXBuildFile; fileRef = 03683DA826F3B3900042F55E /* Extensions+UIView.swift */; };
		35B7C6B2E8A0003D9EBB026A /* Pods_Desafio_Mobile2You.framework in Frameworks */ = {isa = PBXBuildFile; fileRef = 4ECBD01F9F5483A88416D6C0 /* Pods_Desafio_Mobile2You.framework */; };
/* End PBXBuildFile section */

/* Begin PBXFileReference section */
		03683D8326F183420042F55E /* Desafio-Mobile2You.app */ = {isa = PBXFileReference; explicitFileType = wrapper.application; includeInIndex = 0; path = "Desafio-Mobile2You.app"; sourceTree = BUILT_PRODUCTS_DIR; };
		03683D8626F183420042F55E /* AppDelegate.swift */ = {isa = PBXFileReference; lastKnownFileType = sourcecode.swift; path = AppDelegate.swift; sourceTree = "<group>"; };
		03683D8826F183420042F55E /* SceneDelegate.swift */ = {isa = PBXFileReference; lastKnownFileType = sourcecode.swift; path = SceneDelegate.swift; sourceTree = "<group>"; };
		03683D8A26F183420042F55E /* ViewController.swift */ = {isa = PBXFileReference; lastKnownFileType = sourcecode.swift; path = ViewController.swift; sourceTree = "<group>"; };
		03683D8D26F183420042F55E /* Base */ = {isa = PBXFileReference; lastKnownFileType = file.storyboard; name = Base; path = Base.lproj/Main.storyboard; sourceTree = "<group>"; };
		03683D8F26F183430042F55E /* Assets.xcassets */ = {isa = PBXFileReference; lastKnownFileType = folder.assetcatalog; path = Assets.xcassets; sourceTree = "<group>"; };
		03683D9226F183430042F55E /* Base */ = {isa = PBXFileReference; lastKnownFileType = file.storyboard; name = Base; path = Base.lproj/LaunchScreen.storyboard; sourceTree = "<group>"; };
		03683D9426F183430042F55E /* Info.plist */ = {isa = PBXFileReference; lastKnownFileType = text.plist.xml; path = Info.plist; sourceTree = "<group>"; };
		03683D9E26F2EFA50042F55E /* StretchyHeaderController.swift */ = {isa = PBXFileReference; lastKnownFileType = sourcecode.swift; path = StretchyHeaderController.swift; sourceTree = "<group>"; };
		03683DA526F389C30042F55E /* HeaderView.swift */ = {isa = PBXFileReference; lastKnownFileType = sourcecode.swift; path = HeaderView.swift; sourceTree = "<group>"; };
		03683DA826F3B3900042F55E /* Extensions+UIView.swift */ = {isa = PBXFileReference; lastKnownFileType = sourcecode.swift; path = "Extensions+UIView.swift"; sourceTree = "<group>"; };
		2A1FCCE4AF9805C74D02D775 /* Pods-Desafio-Mobile2You.release.xcconfig */ = {isa = PBXFileReference; includeInIndex = 1; lastKnownFileType = text.xcconfig; name = "Pods-Desafio-Mobile2You.release.xcconfig"; path = "Target Support Files/Pods-Desafio-Mobile2You/Pods-Desafio-Mobile2You.release.xcconfig"; sourceTree = "<group>"; };
		4ECBD01F9F5483A88416D6C0 /* Pods_Desafio_Mobile2You.framework */ = {isa = PBXFileReference; explicitFileType = wrapper.framework; includeInIndex = 0; path = Pods_Desafio_Mobile2You.framework; sourceTree = BUILT_PRODUCTS_DIR; };
		5624DD32582BB26B7B4907E8 /* Pods-Desafio-Mobile2You.debug.xcconfig */ = {isa = PBXFileReference; includeInIndex = 1; lastKnownFileType = text.xcconfig; name = "Pods-Desafio-Mobile2You.debug.xcconfig"; path = "Target Support Files/Pods-Desafio-Mobile2You/Pods-Desafio-Mobile2You.debug.xcconfig"; sourceTree = "<group>"; };
/* End PBXFileReference section */

/* Begin PBXFrameworksBuildPhase section */
		03683D8026F183420042F55E /* Frameworks */ = {
			isa = PBXFrameworksBuildPhase;
			buildActionMask = 2147483647;
			files = (
				35B7C6B2E8A0003D9EBB026A /* Pods_Desafio_Mobile2You.framework in Frameworks */,
			);
			runOnlyForDeploymentPostprocessing = 0;
		};
/* End PBXFrameworksBuildPhase section */

/* Begin PBXGroup section */
		03683D7A26F183410042F55E = {
			isa = PBXGroup;
			children = (
				03683D8526F183420042F55E /* Desafio-Mobile2You */,
				03683D8426F183420042F55E /* Products */,
				CAE74C4AF202F7878A121B3F /* Pods */,
				8FF2835C9528A0139C720B7C /* Frameworks */,
			);
			sourceTree = "<group>";
		};
		03683D8426F183420042F55E /* Products */ = {
			isa = PBXGroup;
			children = (
				03683D8326F183420042F55E /* Desafio-Mobile2You.app */,
			);
			name = Products;
			sourceTree = "<group>";
		};
		03683D8526F183420042F55E /* Desafio-Mobile2You */ = {
			isa = PBXGroup;
			children = (
				03683D8626F183420042F55E /* AppDelegate.swift */,
				03683D8826F183420042F55E /* SceneDelegate.swift */,
				03683D8A26F183420042F55E /* ViewController.swift */,
				03683D8C26F183420042F55E /* Main.storyboard */,
				03683D8F26F183430042F55E /* Assets.xcassets */,
				03683D9126F183430042F55E /* LaunchScreen.storyboard */,
				03683D9426F183430042F55E /* Info.plist */,
				03683D9E26F2EFA50042F55E /* StretchyHeaderController.swift */,
				03683DA526F389C30042F55E /* HeaderView.swift */,
				03683DA826F3B3900042F55E /* Extensions+UIView.swift */,
			);
			path = "Desafio-Mobile2You";
			sourceTree = "<group>";
		};
		8FF2835C9528A0139C720B7C /* Frameworks */ = {
			isa = PBXGroup;
			children = (
				4ECBD01F9F5483A88416D6C0 /* Pods_Desafio_Mobile2You.framework */,
			);
			name = Frameworks;
			sourceTree = "<group>";
		};
		CAE74C4AF202F7878A121B3F /* Pods */ = {
			isa = PBXGroup;
			children = (
				5624DD32582BB26B7B4907E8 /* Pods-Desafio-Mobile2You.debug.xcconfig */,
				2A1FCCE4AF9805C74D02D775 /* Pods-Desafio-Mobile2You.release.xcconfig */,
			);
			path = Pods;
			sourceTree = "<group>";
		};
/* End PBXGroup section */

/* Begin PBXNativeTarget section */
		03683D8226F183420042F55E /* Desafio-Mobile2You */ = {
			isa = PBXNativeTarget;
			buildConfigurationList = 03683D9726F183430042F55E /* Build configuration list for PBXNativeTarget "Desafio-Mobile2You" */;
			buildPhases = (
				5518F91E12FEB0FD256517D3 /* [CP] Check Pods Manifest.lock */,
				03683D7F26F183420042F55E /* Sources */,
				03683D8026F183420042F55E /* Frameworks */,
				03683D8126F183420042F55E /* Resources */,
				C1F7284F1C580B7C6A5322B9 /* [CP] Embed Pods Frameworks */,
			);
			buildRules = (
			);
			dependencies = (
			);
			name = "Desafio-Mobile2You";
			productName = "Desafio-Mobile2You";
			productReference = 03683D8326F183420042F55E /* Desafio-Mobile2You.app */;
			productType = "com.apple.product-type.application";
		};
/* End PBXNativeTarget section */

/* Begin PBXProject section */
		03683D7B26F183410042F55E /* Project object */ = {
			isa = PBXProject;
			attributes = {
				LastSwiftUpdateCheck = 1240;
				LastUpgradeCheck = 1240;
				TargetAttributes = {
					03683D8226F183420042F55E = {
						CreatedOnToolsVersion = 12.4;
					};
				};
			};
			buildConfigurationList = 03683D7E26F183410042F55E /* Build configuration list for PBXProject "Desafio-Mobile2You" */;
			compatibilityVersion = "Xcode 9.3";
			developmentRegion = en;
			hasScannedForEncodings = 0;
			knownRegions = (
				en,
				Base,
			);
			mainGroup = 03683D7A26F183410042F55E;
			productRefGroup = 03683D8426F183420042F55E /* Products */;
			projectDirPath = "";
			projectRoot = "";
			targets = (
				03683D8226F183420042F55E /* Desafio-Mobile2You */,
			);
		};
/* End PBXProject section */

/* Begin PBXResourcesBuildPhase section */
		03683D8126F183420042F55E /* Resources */ = {
			isa = PBXResourcesBuildPhase;
			buildActionMask = 2147483647;
			files = (
				03683D9326F183430042F55E /* LaunchScreen.storyboard in Resources */,
				03683D9026F183430042F55E /* Assets.xcassets in Resources */,
				03683D8E26F183420042F55E /* Main.storyboard in Resources */,
			);
			runOnlyForDeploymentPostprocessing = 0;
		};
/* End PBXResourcesBuildPhase section */

/* Begin PBXShellScriptBuildPhase section */
		5518F91E12FEB0FD256517D3 /* [CP] Check Pods Manifest.lock */ = {
			isa = PBXShellScriptBuildPhase;
			buildActionMask = 2147483647;
			files = (
			);
			inputFileListPaths = (
			);
			inputPaths = (
				"${PODS_PODFILE_DIR_PATH}/Podfile.lock",
				"${PODS_ROOT}/Manifest.lock",
			);
			name = "[CP] Check Pods Manifest.lock";
			outputFileListPaths = (
			);
			outputPaths = (
				"$(DERIVED_FILE_DIR)/Pods-Desafio-Mobile2You-checkManifestLockResult.txt",
			);
			runOnlyForDeploymentPostprocessing = 0;
			shellPath = /bin/sh;
			shellScript = "diff \"${PODS_PODFILE_DIR_PATH}/Podfile.lock\" \"${PODS_ROOT}/Manifest.lock\" > /dev/null\nif [ $? != 0 ] ; then\n    # print error to STDERR\n    echo \"error: The sandbox is not in sync with the Podfile.lock. Run 'pod install' or update your CocoaPods installation.\" >&2\n    exit 1\nfi\n# This output is used by Xcode 'outputs' to avoid re-running this script phase.\necho \"SUCCESS\" > \"${SCRIPT_OUTPUT_FILE_0}\"\n";
			showEnvVarsInLog = 0;
		};
		C1F7284F1C580B7C6A5322B9 /* [CP] Embed Pods Frameworks */ = {
			isa = PBXShellScriptBuildPhase;
			buildActionMask = 2147483647;
			files = (
			);
			inputFileListPaths = (
				"${PODS_ROOT}/Target Support Files/Pods-Desafio-Mobile2You/Pods-Desafio-Mobile2You-frameworks-${CONFIGURATION}-input-files.xcfilelist",
			);
			name = "[CP] Embed Pods Frameworks";
			outputFileListPaths = (
				"${PODS_ROOT}/Target Support Files/Pods-Desafio-Mobile2You/Pods-Desafio-Mobile2You-frameworks-${CONFIGURATION}-output-files.xcfilelist",
			);
			runOnlyForDeploymentPostprocessing = 0;
			shellPath = /bin/sh;
			shellScript = "\"${PODS_ROOT}/Target Support Files/Pods-Desafio-Mobile2You/Pods-Desafio-Mobile2You-frameworks.sh\"\n";
			showEnvVarsInLog = 0;
		};
/* End PBXShellScriptBuildPhase section */

/* Begin PBXSourcesBuildPhase section */
		03683D7F26F183420042F55E /* Sources */ = {
			isa = PBXSourcesBuildPhase;
			buildActionMask = 2147483647;
			files = (
				03683DA626F389C30042F55E /* HeaderView.swift in Sources */,
				03683D9F26F2EFA50042F55E /* StretchyHeaderController.swift in Sources */,
				03683DA926F3B3900042F55E /* Extensions+UIView.swift in Sources */,
				03683D8B26F183420042F55E /* ViewController.swift in Sources */,
				03683D8726F183420042F55E /* AppDelegate.swift in Sources */,
				03683D8926F183420042F55E /* SceneDelegate.swift in Sources */,
			);
			runOnlyForDeploymentPostprocessing = 0;
		};
/* End PBXSourcesBuildPhase section */

/* Begin PBXVariantGroup section */
		03683D8C26F183420042F55E /* Main.storyboard */ = {
			isa = PBXVariantGroup;
			children = (
				03683D8D26F183420042F55E /* Base */,
			);
			name = Main.storyboard;
			sourceTree = "<group>";
		};
		03683D9126F183430042F55E /* LaunchScreen.storyboard */ = {
			isa = PBXVariantGroup;
			children = (
				03683D9226F183430042F55E /* Base */,
			);
			name = LaunchScreen.storyboard;
			sourceTree = "<group>";
		};
/* End PBXVariantGroup section */

/* Begin XCBuildConfiguration section */
		03683D9526F183430042F55E /* Debug */ = {
			isa = XCBuildConfiguration;
			buildSettings = {
				ALWAYS_SEARCH_USER_PATHS = NO;
				CLANG_ANALYZER_NONNULL = YES;
				CLANG_ANALYZER_NUMBER_OBJECT_CONVERSION = YES_AGGRESSIVE;
				CLANG_CXX_LANGUAGE_STANDARD = "gnu++14";
				CLANG_CXX_LIBRARY = "libc++";
				CLANG_ENABLE_MODULES = YES;
				CLANG_ENABLE_OBJC_ARC = YES;
				CLANG_ENABLE_OBJC_WEAK = YES;
				CLANG_WARN_BLOCK_CAPTURE_AUTORELEASING = YES;
				CLANG_WARN_BOOL_CONVERSION = YES;
				CLANG_WARN_COMMA = YES;
				CLANG_WARN_CONSTANT_CONVERSION = YES;
				CLANG_WARN_DEPRECATED_OBJC_IMPLEMENTATIONS = YES;
				CLANG_WARN_DIRECT_OBJC_ISA_USAGE = YES_ERROR;
				CLANG_WARN_DOCUMENTATION_COMMENTS = YES;
				CLANG_WARN_EMPTY_BODY = YES;
				CLANG_WARN_ENUM_CONVERSION = YES;
				CLANG_WARN_INFINITE_RECURSION = YES;
				CLANG_WARN_INT_CONVERSION = YES;
				CLANG_WARN_NON_LITERAL_NULL_CONVERSION = YES;
				CLANG_WARN_OBJC_IMPLICIT_RETAIN_SELF = YES;
				CLANG_WARN_OBJC_LITERAL_CONVERSION = YES;
				CLANG_WARN_OBJC_ROOT_CLASS = YES_ERROR;
				CLANG_WARN_QUOTED_INCLUDE_IN_FRAMEWORK_HEADER = YES;
				CLANG_WARN_RANGE_LOOP_ANALYSIS = YES;
				CLANG_WARN_STRICT_PROTOTYPES = YES;
				CLANG_WARN_SUSPICIOUS_MOVE = YES;
				CLANG_WARN_UNGUARDED_AVAILABILITY = YES_AGGRESSIVE;
				CLANG_WARN_UNREACHABLE_CODE = YES;
				CLANG_WARN__DUPLICATE_METHOD_MATCH = YES;
				COPY_PHASE_STRIP = NO;
				DEBUG_INFORMATION_FORMAT = dwarf;
				ENABLE_STRICT_OBJC_MSGSEND = YES;
				ENABLE_TESTABILITY = YES;
				GCC_C_LANGUAGE_STANDARD = gnu11;
				GCC_DYNAMIC_NO_PIC = NO;
				GCC_NO_COMMON_BLOCKS = YES;
				GCC_OPTIMIZATION_LEVEL = 0;
				GCC_PREPROCESSOR_DEFINITIONS = (
					"DEBUG=1",
					"$(inherited)",
				);
				GCC_WARN_64_TO_32_BIT_CONVERSION = YES;
				GCC_WARN_ABOUT_RETURN_TYPE = YES_ERROR;
				GCC_WARN_UNDECLARED_SELECTOR = YES;
				GCC_WARN_UNINITIALIZED_AUTOS = YES_AGGRESSIVE;
				GCC_WARN_UNUSED_FUNCTION = YES;
				GCC_WARN_UNUSED_VARIABLE = YES;
				IPHONEOS_DEPLOYMENT_TARGET = 14.4;
				MTL_ENABLE_DEBUG_INFO = INCLUDE_SOURCE;
				MTL_FAST_MATH = YES;
				ONLY_ACTIVE_ARCH = YES;
				SDKROOT = iphoneos;
				SWIFT_ACTIVE_COMPILATION_CONDITIONS = DEBUG;
				SWIFT_OPTIMIZATION_LEVEL = "-Onone";
			};
			name = Debug;
		};
		03683D9626F183430042F55E /* Release */ = {
			isa = XCBuildConfiguration;
			buildSettings = {
				ALWAYS_SEARCH_USER_PATHS = NO;
				CLANG_ANALYZER_NONNULL = YES;
				CLANG_ANALYZER_NUMBER_OBJECT_CONVERSION = YES_AGGRESSIVE;
				CLANG_CXX_LANGUAGE_STANDARD = "gnu++14";
				CLANG_CXX_LIBRARY = "libc++";
				CLANG_ENABLE_MODULES = YES;
				CLANG_ENABLE_OBJC_ARC = YES;
				CLANG_ENABLE_OBJC_WEAK = YES;
				CLANG_WARN_BLOCK_CAPTURE_AUTORELEASING = YES;
				CLANG_WARN_BOOL_CONVERSION = YES;
				CLANG_WARN_COMMA = YES;
				CLANG_WARN_CONSTANT_CONVERSION = YES;
				CLANG_WARN_DEPRECATED_OBJC_IMPLEMENTATIONS = YES;
				CLANG_WARN_DIRECT_OBJC_ISA_USAGE = YES_ERROR;
				CLANG_WARN_DOCUMENTATION_COMMENTS = YES;
				CLANG_WARN_EMPTY_BODY = YES;
				CLANG_WARN_ENUM_CONVERSION = YES;
				CLANG_WARN_INFINITE_RECURSION = YES;
				CLANG_WARN_INT_CONVERSION = YES;
				CLANG_WARN_NON_LITERAL_NULL_CONVERSION = YES;
				CLANG_WARN_OBJC_IMPLICIT_RETAIN_SELF = YES;
				CLANG_WARN_OBJC_LITERAL_CONVERSION = YES;
				CLANG_WARN_OBJC_ROOT_CLASS = YES_ERROR;
				CLANG_WARN_QUOTED_INCLUDE_IN_FRAMEWORK_HEADER = YES;
				CLANG_WARN_RANGE_LOOP_ANALYSIS = YES;
				CLANG_WARN_STRICT_PROTOTYPES = YES;
				CLANG_WARN_SUSPICIOUS_MOVE = YES;
				CLANG_WARN_UNGUARDED_AVAILABILITY = YES_AGGRESSIVE;
				CLANG_WARN_UNREACHABLE_CODE = YES;
				CLANG_WARN__DUPLICATE_METHOD_MATCH = YES;
				COPY_PHASE_STRIP = NO;
				DEBUG_INFORMATION_FORMAT = "dwarf-with-dsym";
				ENABLE_NS_ASSERTIONS = NO;
				ENABLE_STRICT_OBJC_MSGSEND = YES;
				GCC_C_LANGUAGE_STANDARD = gnu11;
				GCC_NO_COMMON_BLOCKS = YES;
				GCC_WARN_64_TO_32_BIT_CONVERSION = YES;
				GCC_WARN_ABOUT_RETURN_TYPE = YES_ERROR;
				GCC_WARN_UNDECLARED_SELECTOR = YES;
				GCC_WARN_UNINITIALIZED_AUTOS = YES_AGGRESSIVE;
				GCC_WARN_UNUSED_FUNCTION = YES;
				GCC_WARN_UNUSED_VARIABLE = YES;
				IPHONEOS_DEPLOYMENT_TARGET = 14.4;
				MTL_ENABLE_DEBUG_INFO = NO;
				MTL_FAST_MATH = YES;
				SDKROOT = iphoneos;
				SWIFT_COMPILATION_MODE = wholemodule;
				SWIFT_OPTIMIZATION_LEVEL = "-O";
				VALIDATE_PRODUCT = YES;
			};
			name = Release;
		};
		03683D9826F183430042F55E /* Debug */ = {
			isa = XCBuildConfiguration;
			baseConfigurationReference = 5624DD32582BB26B7B4907E8 /* Pods-Desafio-Mobile2You.debug.xcconfig */;
			buildSettings = {
				ASSETCATALOG_COMPILER_APPICON_NAME = AppIcon;
				ASSETCATALOG_COMPILER_GLOBAL_ACCENT_COLOR_NAME = AccentColor;
				CODE_SIGN_STYLE = Automatic;
				INFOPLIST_FILE = "Desafio-Mobile2You/Info.plist";
				LD_RUNPATH_SEARCH_PATHS = (
					"$(inherited)",
					"@executable_path/Frameworks",
				);
				PRODUCT_BUNDLE_IDENTIFIER = "br.com.victornasser.Desafio-Mobile2You";
				PRODUCT_NAME = "$(TARGET_NAME)";
				SWIFT_VERSION = 5.0;
				TARGETED_DEVICE_FAMILY = "1,2";
			};
			name = Debug;
		};
		03683D9926F183430042F55E /* Release */ = {
			isa = XCBuildConfiguration;
			baseConfigurationReference = 2A1FCCE4AF9805C74D02D775 /* Pods-Desafio-Mobile2You.release.xcconfig */;
			buildSettings = {
				ASSETCATALOG_COMPILER_APPICON_NAME = AppIcon;
				ASSETCATALOG_COMPILER_GLOBAL_ACCENT_COLOR_NAME = AccentColor;
				CODE_SIGN_STYLE = Automatic;
				INFOPLIST_FILE = "Desafio-Mobile2You/Info.plist";
				LD_RUNPATH_SEARCH_PATHS = (
					"$(inherited)",
					"@executable_path/Frameworks",
				);
				PRODUCT_BUNDLE_IDENTIFIER = "br.com.victornasser.Desafio-Mobile2You";
				PRODUCT_NAME = "$(TARGET_NAME)";
				SWIFT_VERSION = 5.0;
				TARGETED_DEVICE_FAMILY = "1,2";
			};
			name = Release;
		};
/* End XCBuildConfiguration section */

/* Begin XCConfigurationList section */
		03683D7E26F183410042F55E /* Build configuration list for PBXProject "Desafio-Mobile2You" */ = {
			isa = XCConfigurationList;
			buildConfigurations = (
				03683D9526F183430042F55E /* Debug */,
				03683D9626F183430042F55E /* Release */,
			);
			defaultConfigurationIsVisible = 0;
			defaultConfigurationName = Release;
		};
		03683D9726F183430042F55E /* Build configuration list for PBXNativeTarget "Desafio-Mobile2You" */ = {
			isa = XCConfigurationList;
			buildConfigurations = (
				03683D9826F183430042F55E /* Debug */,
				03683D9926F183430042F55E /* Release */,
			);
			defaultConfigurationIsVisible = 0;
			defaultConfigurationName = Release;
		};
/* End XCConfigurationList section */
	};
	rootObject = 03683D7B26F183410042F55E /* Project object */;
}
